<?xml version="1.0" encoding="utf-8"?>
<Project ToolsVersion="4.0" xmlns="http://schemas.microsoft.com/developer/msbuild/2003">
  <ItemGroup>
    <Filter Include="Source Files">
      <UniqueIdentifier>{4FC737F1-C7A5-4376-A066-2A32D752A2FF}</UniqueIdentifier>
      <Extensions>cpp;c;cc;cxx;def;odl;idl;hpj;bat;asm;asmx</Extensions>
    </Filter>
    <Filter Include="Header Files">
      <UniqueIdentifier>{93995380-89BD-4b04-88EB-625FBE52EBFB}</UniqueIdentifier>
      <Extensions>h;hh;hpp;hxx;hm;inl;inc;xsd</Extensions>
    </Filter>
    <Filter Include="Resource Files">
      <UniqueIdentifier>{67DA6AB6-F800-4c08-8B7A-83BB121AAD01}</UniqueIdentifier>
      <Extensions>rc;ico;cur;bmp;dlg;rc2;rct;bin;rgs;gif;jpg;jpeg;jpe;resx;tiff;tif;png;wav;mfcribbon-ms</Extensions>
    </Filter>
  </ItemGroup>
  <ItemGroup>
    <ClInclude Include="universidad.h">
      <Filter>Header Files</Filter>
    </ClInclude>
    <ClInclude Include="control.h">
      <Filter>Header Files</Filter>
    </ClInclude>
    <ClInclude Include="escuela.h">
      <Filter>Header Files</Filter>
    </ClInclude>
    <ClInclude Include="interfaz.h">
      <Filter>Header Files</Filter>
    </ClInclude>
    <ClInclude Include="contenedorEscuelas.h">
      <Filter>Header Files</Filter>
    </ClInclude>
    <ClInclude Include="nodoEscuelas.h">
      <Filter>Header Files</Filter>
    </ClInclude>
    <ClInclude Include="curso.h">
      <Filter>Header Files</Filter>
    </ClInclude>
    <ClInclude Include="contenedorCursos.h">
      <Filter>Header Files</Filter>
    </ClInclude>
    <ClInclude Include="nodoCursos.h">
      <Filter>Header Files</Filter>
    </ClInclude>
    <ClInclude Include="persona.h">
      <Filter>Header Files</Filter>
    </ClInclude>
    <ClInclude Include="profesor.h">
      <Filter>Header Files</Filter>
    </ClInclude>
    <ClInclude Include="estudiante.h">
      <Filter>Header Files</Filter>
    </ClInclude>
    <ClInclude Include="contenedorProfesores.h">
      <Filter>Header Files</Filter>
    </ClInclude>
    <ClInclude Include="nodoProfesores.h">
      <Filter>Header Files</Filter>
    </ClInclude>
  </ItemGroup>
  <ItemGroup>
    <ClCompile Include="universidad.cpp">
      <Filter>Source Files</Filter>
    </ClCompile>
    <ClCompile Include="main.cpp">
      <Filter>Source Files</Filter>
    </ClCompile>
    <ClCompile Include="control.cpp">
      <Filter>Source Files</Filter>
    </ClCompile>
    <ClCompile Include="escuela.cpp">
      <Filter>Source Files</Filter>
    </ClCompile>
    <ClCompile Include="interfaz.cpp">
      <Filter>Source Files</Filter>
    </ClCompile>
    <ClCompile Include="contenedorEscuelas.cpp">
      <Filter>Source Files</Filter>
    </ClCompile>
    <ClCompile Include="nodoEscuelas.cpp">
      <Filter>Source Files</Filter>
    </ClCompile>
    <ClCompile Include="curso.cpp">
      <Filter>Source Files</Filter>
    </ClCompile>
    <ClCompile Include="nodoCursos.cpp">
      <Filter>Source Files</Filter>
    </ClCompile>
    <ClCompile Include="contenedorCursos.cpp">
      <Filter>Source Files</Filter>
    </ClCompile>
    <ClCompile Include="persona.cpp">
      <Filter>Source Files</Filter>
    </ClCompile>
    <ClCompile Include="profesor.cpp">
      <Filter>Source Files</Filter>
    </ClCompile>
    <ClCompile Include="estudiante.cpp">
      <Filter>Source Files</Filter>
    </ClCompile>
    <ClCompile Include="nodoProfesores.cpp">
      <Filter>Source Files</Filter>
    </ClCompile>
    <ClCompile Include="contenedorProfesores.cpp">
      <Filter>Source Files</Filter>
    </ClCompile>
  </ItemGroup>
  <ItemGroup>
    <None Include="ClassDiagram.cd" />
  </ItemGroup>
</Project>